<?xml version="1.0" encoding="utf-8"?>
<Project ToolsVersion="4.0" xmlns="http://schemas.microsoft.com/developer/msbuild/2003">
  <ItemGroup>
    <Filter Include="Source Files">
      <UniqueIdentifier>{4FC737F1-C7A5-4376-A066-2A32D752A2FF}</UniqueIdentifier>
      <Extensions>cpp;c;cc;cxx;def;odl;idl;hpj;bat;asm;asmx</Extensions>
    </Filter>
    <Filter Include="Header Files">
      <UniqueIdentifier>{93995380-89BD-4b04-88EB-625FBE52EBFB}</UniqueIdentifier>
      <Extensions>h;hpp;hxx;hm;inl;inc;xsd</Extensions>
    </Filter>
    <Filter Include="Resource Files">
      <UniqueIdentifier>{67DA6AB6-F800-4c08-8B7A-83BB121AAD01}</UniqueIdentifier>
      <Extensions>rc;ico;cur;bmp;dlg;rc2;rct;bin;rgs;gif;jpg;jpeg;jpe;resx;tiff;tif;png;wav;mfcribbon-ms</Extensions>
    </Filter>
  </ItemGroup>
  <ItemGroup>
    <Text Include="ReadMe.txt" />
  </ItemGroup>
  <ItemGroup>
    <ClCompile Include="exeUGPre.cpp">
      <Filter>Source Files</Filter>
    </ClCompile>
    <ClCompile Include="Part.cpp">
      <Filter>Source Files</Filter>
    </ClCompile>
    <ClCompile Include="Definition.cpp">
      <Filter>Source Files</Filter>
    </ClCompile>
    <ClCompile Include="FDatumPlane.cpp">
      <Filter>Source Files</Filter>
    </ClCompile>
    <ClCompile Include="FSketch.cpp">
      <Filter>Source Files</Filter>
    </ClCompile>
    <ClCompile Include="Feature.cpp">
      <Filter>Source Files</Filter>
    </ClCompile>
    <ClCompile Include="FSOLIDOperateFilletingChamferConstant.cpp">
      <Filter>Source Files</Filter>
    </ClCompile>
    <ClCompile Include="FSOLIDOperateFilletingFilletConstant.cpp">
      <Filter>Source Files</Filter>
    </ClCompile>
    <ClCompile Include="FSKETCHCreate2DArcCenterEnds.cpp">
      <Filter>Source Files</Filter>
    </ClCompile>
    <ClCompile Include="FSKETCHCreate2DCenterline.cpp">
      <Filter>Source Files</Filter>
    </ClCompile>
    <ClCompile Include="FSKETCHCreate2DCircleCenterPoint.cpp">
      <Filter>Source Files</Filter>
    </ClCompile>
    <ClCompile Include="FSKETCHCreate2DLine2Points.cpp">
      <Filter>Source Files</Filter>
    </ClCompile>
    <ClCompile Include="FSOLIDCreateCutExtrude.cpp">
      <Filter>Source Files</Filter>
    </ClCompile>
    <ClCompile Include="FSOLIDCreateCutRevolve.cpp">
      <Filter>Source Files</Filter>
    </ClCompile>
    <ClCompile Include="FSOLIDCreateProtrusionExtrude.cpp">
      <Filter>Source Files</Filter>
    </ClCompile>
    <ClCompile Include="FSOLIDCreateProtrusionRevolve.cpp">
      <Filter>Source Files</Filter>
    </ClCompile>
    <ClCompile Include="FSOLIDCreateProtrusionSweep.cpp">
      <Filter>Source Files</Filter>
    </ClCompile>
    <ClCompile Include="FSOLIDOperatePatternRectangular.cpp">
      <Filter>Source Files</Filter>
    </ClCompile>
    <ClCompile Include="FSOLIDOperatePatternCircular.cpp">
      <Filter>Source Files</Filter>
    </ClCompile>
    <ClCompile Include="FSOLIDCreateCounterbored.cpp">
      <Filter>Source Files</Filter>
    </ClCompile>
    <ClCompile Include="FSOLIDCreateCountersunk.cpp">
      <Filter>Source Files</Filter>
    </ClCompile>
    <ClCompile Include="FSketchHolePoint.cpp">
      <Filter>Source Files</Filter>
    </ClCompile>
  </ItemGroup>
  <ItemGroup>
    <ClInclude Include="Part.h">
      <Filter>Header Files</Filter>
    </ClInclude>
    <ClInclude Include="FDatumPlane.h">
      <Filter>Header Files</Filter>
    </ClInclude>
    <ClInclude Include="FSketch.h">
      <Filter>Header Files</Filter>
    </ClInclude>
    <ClInclude Include="Feature.h">
      <Filter>Header Files</Filter>
    </ClInclude>
    <ClInclude Include="stdafx.h">
      <Filter>Header Files</Filter>
    </ClInclude>
    <ClInclude Include="FSOLIDOperateFilletingChamferConstant.h">
      <Filter>Header Files</Filter>
    </ClInclude>
    <ClInclude Include="FSOLIDOperateFilletingFilletConstant.h">
      <Filter>Header Files</Filter>
    </ClInclude>
    <ClInclude Include="Definition.h">
      <Filter>Header Files</Filter>
    </ClInclude>
    <ClInclude Include="FSKETCHCreate2DArcCenterEnds.h">
      <Filter>Header Files</Filter>
    </ClInclude>
    <ClInclude Include="FSKETCHCreate2DCenterline.h">
      <Filter>Header Files</Filter>
    </ClInclude>
    <ClInclude Include="FSKETCHCreate2DCircleCenterPoint.h">
      <Filter>Header Files</Filter>
    </ClInclude>
    <ClInclude Include="FSKETCHCreate2DLine2Points.h">
      <Filter>Header Files</Filter>
    </ClInclude>
    <ClInclude Include="FSOLIDCreateCutExtrude.h">
      <Filter>Header Files</Filter>
    </ClInclude>
    <ClInclude Include="FSOLIDCreateCutRevolve.h">
      <Filter>Header Files</Filter>
    </ClInclude>
    <ClInclude Include="FSOLIDCreateProtrusionExtrude.h">
      <Filter>Header Files</Filter>
    </ClInclude>
    <ClInclude Include="FSOLIDCreateProtrusionRevolve.h">
      <Filter>Header Files</Filter>
    </ClInclude>
    <ClInclude Include="FSOLIDCreateProtrusionSweep.h">
      <Filter>Header Files</Filter>
    </ClInclude>
    <ClInclude Include="FSOLIDOperatePatternRectangular.h">
      <Filter>Header Files</Filter>
    </ClInclude>
    <ClInclude Include="FSOLIDOperatePatternCircular.h">
      <Filter>Header Files</Filter>
    </ClInclude>
    <ClInclude Include="FSOLIDCreateCounterbored.h">
      <Filter>Header Files</Filter>
    </ClInclude>
    <ClInclude Include="FSOLIDCreateCountersunk.h">
      <Filter>Header Files</Filter>
    </ClInclude>
    <ClInclude Include="FSketchHolePoint.h">
      <Filter>Header Files</Filter>
    </ClInclude>
  </ItemGroup>
  <ItemGroup>
    <None Include="ClassDiagram.cd" />
  </ItemGroup>
</Project>